
Microsoft Visual Studio Solution File, Format Version 12.00
Project("{FAE04EC0-301F-11D3-BF4B-00C04F79EFBC}") = "ProximitySearch", "ProximitySearch\ProximitySearch.csproj", "{6BD3117C-B059-4023-8437-232B3DCF4B2D}"
EndProject
Project("{FAE04EC0-301F-11D3-BF4B-00C04F79EFBC}") = "ProximitySearchTests", "ProximitySearchTests\ProximitySearchTests.csproj", "{9CF89AEA-B701-417C-8CD4-289166A79A4B}"
EndProject
Global
	GlobalSection(SolutionConfigurationPlatforms) = preSolution
		Debug|Any CPU = Debug|Any CPU
		Release|Any CPU = Release|Any CPU
	EndGlobalSection
	GlobalSection(ProjectConfigurationPlatforms) = postSolution
		{6BD3117C-B059-4023-8437-232B3DCF4B2D}.Debug|Any CPU.ActiveCfg = Debug|Any CPU
		{6BD3117C-B059-4023-8437-232B3DCF4B2D}.Debug|Any CPU.Build.0 = Debug|Any CPU
		{6BD3117C-B059-4023-8437-232B3DCF4B2D}.Release|Any CPU.ActiveCfg = Release|Any CPU
		{6BD3117C-B059-4023-8437-232B3DCF4B2D}.Release|Any CPU.Build.0 = Release|Any CPU
		{9CF89AEA-B701-417C-8CD4-289166A79A4B}.Debug|Any CPU.ActiveCfg = Debug|Any CPU
		{9CF89AEA-B701-417C-8CD4-289166A79A4B}.Debug|Any CPU.Build.0 = Debug|Any CPU
		{9CF89AEA-B701-417C-8CD4-289166A79A4B}.Release|Any CPU.ActiveCfg = Release|Any CPU
		{9CF89AEA-B701-417C-8CD4-289166A79A4B}.Release|Any CPU.Build.0 = Release|Any CPU
	EndGlobalSection
EndGlobal
